
Microsoft Visual Studio Solution File, Format Version 12.00
# Visual Studio 14
VisualStudioVersion = 14.0.25420.1
MinimumVisualStudioVersion = 10.0.40219.1
Project("{FAE04EC0-301F-11D3-BF4B-00C04F79EFBC}") = "DataLayer", "CommonDialog\DataLayer.csproj", "{0F8401D9-45BB-48B2-83A6-70EB2BE7FB5E}"
EndProject
Project("{FAE04EC0-301F-11D3-BF4B-00C04F79EFBC}") = "Test", "Test\Test.csproj", "{3DE5E988-C44A-4219-9457-BA6D22F10C54}"
EndProject
Project("{FAE04EC0-301F-11D3-BF4B-00C04F79EFBC}") = "BusinessLogic", "BusinessLogic\BusinessLogic.csproj", "{F92B4AEA-9A0B-4FA8-B96C-43F54C3EDAC8}"
EndProject
Project("{FAE04EC0-301F-11D3-BF4B-00C04F79EFBC}") = "BaseEntyties", "BaseEntyties\BaseEntyties.csproj", "{0BCE6AB8-9ECE-4AE7-A58D-0136200747AA}"
EndProject
Project("{FAE04EC0-301F-11D3-BF4B-00C04F79EFBC}") = "DesktopClient", "DesktopClient\DesktopClient.csproj", "{7A712ABE-73E5-4B2F-8885-8D8549FC1077}"
EndProject
Project("{FAE04EC0-301F-11D3-BF4B-00C04F79EFBC}") = "Server", "Server\Server.csproj", "{9EC2B0D5-EAD7-42CF-A68E-FF69A83CF8EC}"
EndProject
Project("{262852C6-CD72-467D-83FE-5EEB1973A190}") = "WinJsClient", "WinJsClient\WinJsClient.jsproj", "{200910DD-A59E-4F1C-A967-DA32FDC28EDF}"
EndProject
Global
	GlobalSection(SolutionConfigurationPlatforms) = preSolution
		Debug|Any CPU = Debug|Any CPU
		Debug|ARM = Debug|ARM
		Debug|x64 = Debug|x64
		Debug|x86 = Debug|x86
		Release|Any CPU = Release|Any CPU
		Release|ARM = Release|ARM
		Release|x64 = Release|x64
		Release|x86 = Release|x86
	EndGlobalSection
	GlobalSection(ProjectConfigurationPlatforms) = postSolution
		{0F8401D9-45BB-48B2-83A6-70EB2BE7FB5E}.Debug|Any CPU.ActiveCfg = Debug|Any CPU
		{0F8401D9-45BB-48B2-83A6-70EB2BE7FB5E}.Debug|Any CPU.Build.0 = Debug|Any CPU
		{0F8401D9-45BB-48B2-83A6-70EB2BE7FB5E}.Debug|ARM.ActiveCfg = Debug|Any CPU
		{0F8401D9-45BB-48B2-83A6-70EB2BE7FB5E}.Debug|ARM.Build.0 = Debug|Any CPU
		{0F8401D9-45BB-48B2-83A6-70EB2BE7FB5E}.Debug|x64.ActiveCfg = Debug|Any CPU
		{0F8401D9-45BB-48B2-83A6-70EB2BE7FB5E}.Debug|x64.Build.0 = Debug|Any CPU
		{0F8401D9-45BB-48B2-83A6-70EB2BE7FB5E}.Debug|x86.ActiveCfg = Debug|Any CPU
		{0F8401D9-45BB-48B2-83A6-70EB2BE7FB5E}.Debug|x86.Build.0 = Debug|Any CPU
		{0F8401D9-45BB-48B2-83A6-70EB2BE7FB5E}.Release|Any CPU.ActiveCfg = Release|Any CPU
		{0F8401D9-45BB-48B2-83A6-70EB2BE7FB5E}.Release|Any CPU.Build.0 = Release|Any CPU
		{0F8401D9-45BB-48B2-83A6-70EB2BE7FB5E}.Release|ARM.ActiveCfg = Release|Any CPU
		{0F8401D9-45BB-48B2-83A6-70EB2BE7FB5E}.Release|ARM.Build.0 = Release|Any CPU
		{0F8401D9-45BB-48B2-83A6-70EB2BE7FB5E}.Release|x64.ActiveCfg = Release|Any CPU
		{0F8401D9-45BB-48B2-83A6-70EB2BE7FB5E}.Release|x64.Build.0 = Release|Any CPU
		{0F8401D9-45BB-48B2-83A6-70EB2BE7FB5E}.Release|x86.ActiveCfg = Release|Any CPU
		{0F8401D9-45BB-48B2-83A6-70EB2BE7FB5E}.Release|x86.Build.0 = Release|Any CPU
		{3DE5E988-C44A-4219-9457-BA6D22F10C54}.Debug|Any CPU.ActiveCfg = Debug|Any CPU
		{3DE5E988-C44A-4219-9457-BA6D22F10C54}.Debug|Any CPU.Build.0 = Debug|Any CPU
		{3DE5E988-C44A-4219-9457-BA6D22F10C54}.Debug|ARM.ActiveCfg = Debug|Any CPU
		{3DE5E988-C44A-4219-9457-BA6D22F10C54}.Debug|ARM.Build.0 = Debug|Any CPU
		{3DE5E988-C44A-4219-9457-BA6D22F10C54}.Debug|x64.ActiveCfg = Debug|Any CPU
		{3DE5E988-C44A-4219-9457-BA6D22F10C54}.Debug|x64.Build.0 = Debug|Any CPU
		{3DE5E988-C44A-4219-9457-BA6D22F10C54}.Debug|x86.ActiveCfg = Debug|Any CPU
		{3DE5E988-C44A-4219-9457-BA6D22F10C54}.Debug|x86.Build.0 = Debug|Any CPU
		{3DE5E988-C44A-4219-9457-BA6D22F10C54}.Release|Any CPU.ActiveCfg = Release|Any CPU
		{3DE5E988-C44A-4219-9457-BA6D22F10C54}.Release|Any CPU.Build.0 = Release|Any CPU
		{3DE5E988-C44A-4219-9457-BA6D22F10C54}.Release|ARM.ActiveCfg = Release|Any CPU
		{3DE5E988-C44A-4219-9457-BA6D22F10C54}.Release|ARM.Build.0 = Release|Any CPU
		{3DE5E988-C44A-4219-9457-BA6D22F10C54}.Release|x64.ActiveCfg = Release|Any CPU
		{3DE5E988-C44A-4219-9457-BA6D22F10C54}.Release|x64.Build.0 = Release|Any CPU
		{3DE5E988-C44A-4219-9457-BA6D22F10C54}.Release|x86.ActiveCfg = Release|Any CPU
		{3DE5E988-C44A-4219-9457-BA6D22F10C54}.Release|x86.Build.0 = Release|Any CPU
		{F92B4AEA-9A0B-4FA8-B96C-43F54C3EDAC8}.Debug|Any CPU.ActiveCfg = Debug|Any CPU
		{F92B4AEA-9A0B-4FA8-B96C-43F54C3EDAC8}.Debug|Any CPU.Build.0 = Debug|Any CPU
		{F92B4AEA-9A0B-4FA8-B96C-43F54C3EDAC8}.Debug|ARM.ActiveCfg = Debug|Any CPU
		{F92B4AEA-9A0B-4FA8-B96C-43F54C3EDAC8}.Debug|ARM.Build.0 = Debug|Any CPU
		{F92B4AEA-9A0B-4FA8-B96C-43F54C3EDAC8}.Debug|x64.ActiveCfg = Debug|Any CPU
		{F92B4AEA-9A0B-4FA8-B96C-43F54C3EDAC8}.Debug|x64.Build.0 = Debug|Any CPU
		{F92B4AEA-9A0B-4FA8-B96C-43F54C3EDAC8}.Debug|x86.ActiveCfg = Debug|Any CPU
		{F92B4AEA-9A0B-4FA8-B96C-43F54C3EDAC8}.Debug|x86.Build.0 = Debug|Any CPU
		{F92B4AEA-9A0B-4FA8-B96C-43F54C3EDAC8}.Release|Any CPU.ActiveCfg = Release|Any CPU
		{F92B4AEA-9A0B-4FA8-B96C-43F54C3EDAC8}.Release|Any CPU.Build.0 = Release|Any CPU
		{F92B4AEA-9A0B-4FA8-B96C-43F54C3EDAC8}.Release|ARM.ActiveCfg = Release|Any CPU
		{F92B4AEA-9A0B-4FA8-B96C-43F54C3EDAC8}.Release|ARM.Build.0 = Release|Any CPU
		{F92B4AEA-9A0B-4FA8-B96C-43F54C3EDAC8}.Release|x64.ActiveCfg = Release|Any CPU
		{F92B4AEA-9A0B-4FA8-B96C-43F54C3EDAC8}.Release|x64.Build.0 = Release|Any CPU
		{F92B4AEA-9A0B-4FA8-B96C-43F54C3EDAC8}.Release|x86.ActiveCfg = Release|Any CPU
		{F92B4AEA-9A0B-4FA8-B96C-43F54C3EDAC8}.Release|x86.Build.0 = Release|Any CPU
		{0BCE6AB8-9ECE-4AE7-A58D-0136200747AA}.Debug|Any CPU.ActiveCfg = Debug|Any CPU
		{0BCE6AB8-9ECE-4AE7-A58D-0136200747AA}.Debug|Any CPU.Build.0 = Debug|Any CPU
		{0BCE6AB8-9ECE-4AE7-A58D-0136200747AA}.Debug|ARM.ActiveCfg = Debug|Any CPU
		{0BCE6AB8-9ECE-4AE7-A58D-0136200747AA}.Debug|ARM.Build.0 = Debug|Any CPU
		{0BCE6AB8-9ECE-4AE7-A58D-0136200747AA}.Debug|x64.ActiveCfg = Debug|Any CPU
		{0BCE6AB8-9ECE-4AE7-A58D-0136200747AA}.Debug|x64.Build.0 = Debug|Any CPU
		{0BCE6AB8-9ECE-4AE7-A58D-0136200747AA}.Debug|x86.ActiveCfg = Debug|Any CPU
		{0BCE6AB8-9ECE-4AE7-A58D-0136200747AA}.Debug|x86.Build.0 = Debug|Any CPU
		{0BCE6AB8-9ECE-4AE7-A58D-0136200747AA}.Release|Any CPU.ActiveCfg = Release|Any CPU
		{0BCE6AB8-9ECE-4AE7-A58D-0136200747AA}.Release|Any CPU.Build.0 = Release|Any CPU
		{0BCE6AB8-9ECE-4AE7-A58D-0136200747AA}.Release|ARM.ActiveCfg = Release|Any CPU
		{0BCE6AB8-9ECE-4AE7-A58D-0136200747AA}.Release|ARM.Build.0 = Release|Any CPU
		{0BCE6AB8-9ECE-4AE7-A58D-0136200747AA}.Release|x64.ActiveCfg = Release|Any CPU
		{0BCE6AB8-9ECE-4AE7-A58D-0136200747AA}.Release|x64.Build.0 = Release|Any CPU
		{0BCE6AB8-9ECE-4AE7-A58D-0136200747AA}.Release|x86.ActiveCfg = Release|Any CPU
		{0BCE6AB8-9ECE-4AE7-A58D-0136200747AA}.Release|x86.Build.0 = Release|Any CPU
		{7A712ABE-73E5-4B2F-8885-8D8549FC1077}.Debug|Any CPU.ActiveCfg = Debug|Any CPU
		{7A712ABE-73E5-4B2F-8885-8D8549FC1077}.Debug|Any CPU.Build.0 = Debug|Any CPU
		{7A712ABE-73E5-4B2F-8885-8D8549FC1077}.Debug|ARM.ActiveCfg = Debug|Any CPU
		{7A712ABE-73E5-4B2F-8885-8D8549FC1077}.Debug|ARM.Build.0 = Debug|Any CPU
		{7A712ABE-73E5-4B2F-8885-8D8549FC1077}.Debug|x64.ActiveCfg = Debug|Any CPU
		{7A712ABE-73E5-4B2F-8885-8D8549FC1077}.Debug|x64.Build.0 = Debug|Any CPU
		{7A712ABE-73E5-4B2F-8885-8D8549FC1077}.Debug|x86.ActiveCfg = Debug|Any CPU
		{7A712ABE-73E5-4B2F-8885-8D8549FC1077}.Debug|x86.Build.0 = Debug|Any CPU
		{7A712ABE-73E5-4B2F-8885-8D8549FC1077}.Release|Any CPU.ActiveCfg = Release|Any CPU
		{7A712ABE-73E5-4B2F-8885-8D8549FC1077}.Release|Any CPU.Build.0 = Release|Any CPU
		{7A712ABE-73E5-4B2F-8885-8D8549FC1077}.Release|ARM.ActiveCfg = Release|Any CPU
		{7A712ABE-73E5-4B2F-8885-8D8549FC1077}.Release|ARM.Build.0 = Release|Any CPU
		{7A712ABE-73E5-4B2F-8885-8D8549FC1077}.Release|x64.ActiveCfg = Release|Any CPU
		{7A712ABE-73E5-4B2F-8885-8D8549FC1077}.Release|x64.Build.0 = Release|Any CPU
		{7A712ABE-73E5-4B2F-8885-8D8549FC1077}.Release|x86.ActiveCfg = Release|Any CPU
		{7A712ABE-73E5-4B2F-8885-8D8549FC1077}.Release|x86.Build.0 = Release|Any CPU
		{9EC2B0D5-EAD7-42CF-A68E-FF69A83CF8EC}.Debug|Any CPU.ActiveCfg = Debug|Any CPU
		{9EC2B0D5-EAD7-42CF-A68E-FF69A83CF8EC}.Debug|Any CPU.Build.0 = Debug|Any CPU
		{9EC2B0D5-EAD7-42CF-A68E-FF69A83CF8EC}.Debug|ARM.ActiveCfg = Debug|Any CPU
		{9EC2B0D5-EAD7-42CF-A68E-FF69A83CF8EC}.Debug|ARM.Build.0 = Debug|Any CPU
		{9EC2B0D5-EAD7-42CF-A68E-FF69A83CF8EC}.Debug|x64.ActiveCfg = Debug|Any CPU
		{9EC2B0D5-EAD7-42CF-A68E-FF69A83CF8EC}.Debug|x64.Build.0 = Debug|Any CPU
		{9EC2B0D5-EAD7-42CF-A68E-FF69A83CF8EC}.Debug|x86.ActiveCfg = Debug|Any CPU
		{9EC2B0D5-EAD7-42CF-A68E-FF69A83CF8EC}.Debug|x86.Build.0 = Debug|Any CPU
		{9EC2B0D5-EAD7-42CF-A68E-FF69A83CF8EC}.Release|Any CPU.ActiveCfg = Release|Any CPU
		{9EC2B0D5-EAD7-42CF-A68E-FF69A83CF8EC}.Release|Any CPU.Build.0 = Release|Any CPU
		{9EC2B0D5-EAD7-42CF-A68E-FF69A83CF8EC}.Release|ARM.ActiveCfg = Release|Any CPU
		{9EC2B0D5-EAD7-42CF-A68E-FF69A83CF8EC}.Release|ARM.Build.0 = Release|Any CPU
		{9EC2B0D5-EAD7-42CF-A68E-FF69A83CF8EC}.Release|x64.ActiveCfg = Release|Any CPU
		{9EC2B0D5-EAD7-42CF-A68E-FF69A83CF8EC}.Release|x64.Build.0 = Release|Any CPU
		{9EC2B0D5-EAD7-42CF-A68E-FF69A83CF8EC}.Release|x86.ActiveCfg = Release|Any CPU
		{9EC2B0D5-EAD7-42CF-A68E-FF69A83CF8EC}.Release|x86.Build.0 = Release|Any CPU
		{200910DD-A59E-4F1C-A967-DA32FDC28EDF}.Debug|Any CPU.ActiveCfg = Debug|Any CPU
		{200910DD-A59E-4F1C-A967-DA32FDC28EDF}.Debug|Any CPU.Build.0 = Debug|Any CPU
		{200910DD-A59E-4F1C-A967-DA32FDC28EDF}.Debug|Any CPU.Deploy.0 = Debug|Any CPU
		{200910DD-A59E-4F1C-A967-DA32FDC28EDF}.Debug|ARM.ActiveCfg = Debug|ARM
		{200910DD-A59E-4F1C-A967-DA32FDC28EDF}.Debug|ARM.Build.0 = Debug|ARM
		{200910DD-A59E-4F1C-A967-DA32FDC28EDF}.Debug|ARM.Deploy.0 = Debug|ARM
		{200910DD-A59E-4F1C-A967-DA32FDC28EDF}.Debug|x64.ActiveCfg = Debug|x64
		{200910DD-A59E-4F1C-A967-DA32FDC28EDF}.Debug|x64.Build.0 = Debug|x64
		{200910DD-A59E-4F1C-A967-DA32FDC28EDF}.Debug|x64.Deploy.0 = Debug|x64
		{200910DD-A59E-4F1C-A967-DA32FDC28EDF}.Debug|x86.ActiveCfg = Debug|x86
		{200910DD-A59E-4F1C-A967-DA32FDC28EDF}.Debug|x86.Build.0 = Debug|x86
		{200910DD-A59E-4F1C-A967-DA32FDC28EDF}.Debug|x86.Deploy.0 = Debug|x86
		{200910DD-A59E-4F1C-A967-DA32FDC28EDF}.Release|Any CPU.ActiveCfg = Release|Any CPU
		{200910DD-A59E-4F1C-A967-DA32FDC28EDF}.Release|Any CPU.Build.0 = Release|Any CPU
		{200910DD-A59E-4F1C-A967-DA32FDC28EDF}.Release|Any CPU.Deploy.0 = Release|Any CPU
		{200910DD-A59E-4F1C-A967-DA32FDC28EDF}.Release|ARM.ActiveCfg = Release|ARM
		{200910DD-A59E-4F1C-A967-DA32FDC28EDF}.Release|ARM.Build.0 = Release|ARM
		{200910DD-A59E-4F1C-A967-DA32FDC28EDF}.Release|ARM.Deploy.0 = Release|ARM
		{200910DD-A59E-4F1C-A967-DA32FDC28EDF}.Release|x64.ActiveCfg = Release|x64
		{200910DD-A59E-4F1C-A967-DA32FDC28EDF}.Release|x64.Build.0 = Release|x64
		{200910DD-A59E-4F1C-A967-DA32FDC28EDF}.Release|x64.Deploy.0 = Release|x64
		{200910DD-A59E-4F1C-A967-DA32FDC28EDF}.Release|x86.ActiveCfg = Release|x86
		{200910DD-A59E-4F1C-A967-DA32FDC28EDF}.Release|x86.Build.0 = Release|x86
		{200910DD-A59E-4F1C-A967-DA32FDC28EDF}.Release|x86.Deploy.0 = Release|x86
	EndGlobalSection
	GlobalSection(SolutionProperties) = preSolution
		HideSolutionNode = FALSE
	EndGlobalSection
EndGlobal
